
Microsoft Visual Studio Solution File, Format Version 12.00
# Visual Studio Version 17
VisualStudioVersion = 17.10.34928.147
MinimumVisualStudioVersion = 10.0.40219.1
Project("{FAE04EC0-301F-11D3-BF4B-00C04F79EFBC}") = "GameShop_V1.0", "GameShop_V1.0\GameShop_V1.0.csproj", "{F1EA1F88-FED2-4383-8402-FA29C5D70FD5}"
EndProject
Project("{FAE04EC0-301F-11D3-BF4B-00C04F79EFBC}") = "Business", "Business\Business.csproj", "{BFBF97D7-3F7C-4E0F-A8A8-DA8B7FD52997}"
EndProject
Project("{FAE04EC0-301F-11D3-BF4B-00C04F79EFBC}") = "Data", "Data\Data.csproj", "{CD239B2D-2FE6-4F00-9F05-066A99564447}"
EndProject
Global
	GlobalSection(SolutionConfigurationPlatforms) = preSolution
		Debug|Any CPU = Debug|Any CPU
		Release|Any CPU = Release|Any CPU
	EndGlobalSection
	GlobalSection(ProjectConfigurationPlatforms) = postSolution
		{F1EA1F88-FED2-4383-8402-FA29C5D70FD5}.Debug|Any CPU.ActiveCfg = Debug|Any CPU
		{F1EA1F88-FED2-4383-8402-FA29C5D70FD5}.Debug|Any CPU.Build.0 = Debug|Any CPU
		{F1EA1F88-FED2-4383-8402-FA29C5D70FD5}.Release|Any CPU.ActiveCfg = Release|Any CPU
		{F1EA1F88-FED2-4383-8402-FA29C5D70FD5}.Release|Any CPU.Build.0 = Release|Any CPU
		{BFBF97D7-3F7C-4E0F-A8A8-DA8B7FD52997}.Debug|Any CPU.ActiveCfg = Debug|Any CPU
		{BFBF97D7-3F7C-4E0F-A8A8-DA8B7FD52997}.Debug|Any CPU.Build.0 = Debug|Any CPU
		{BFBF97D7-3F7C-4E0F-A8A8-DA8B7FD52997}.Release|Any CPU.ActiveCfg = Release|Any CPU
		{BFBF97D7-3F7C-4E0F-A8A8-DA8B7FD52997}.Release|Any CPU.Build.0 = Release|Any CPU
		{CD239B2D-2FE6-4F00-9F05-066A99564447}.Debug|Any CPU.ActiveCfg = Debug|Any CPU
		{CD239B2D-2FE6-4F00-9F05-066A99564447}.Debug|Any CPU.Build.0 = Debug|Any CPU
		{CD239B2D-2FE6-4F00-9F05-066A99564447}.Release|Any CPU.ActiveCfg = Release|Any CPU
		{CD239B2D-2FE6-4F00-9F05-066A99564447}.Release|Any CPU.Build.0 = Release|Any CPU
	EndGlobalSection
	GlobalSection(SolutionProperties) = preSolution
		HideSolutionNode = FALSE
	EndGlobalSection
	GlobalSection(ExtensibilityGlobals) = postSolution
		SolutionGuid = {565B5CAF-862D-4402-B392-7BF931263853}
	EndGlobalSection
EndGlobal
